
Microsoft Visual Studio Solution File, Format Version 12.00
# Visual Studio Version 17
VisualStudioVersion = 17.9.34607.119
MinimumVisualStudioVersion = 10.0.40219.1
Project("{9A19103F-16F7-4668-BE54-9A1E7A4F7556}") = "SporSalonuRandevu", "SporSalonuRandevu\SporSalonuRandevu.csproj", "{8F616182-818A-4CC3-9E2D-4A76C7FEA0EA}"
EndProject
Global
	GlobalSection(SolutionConfigurationPlatforms) = preSolution
		Debug|Any CPU = Debug|Any CPU
		Release|Any CPU = Release|Any CPU
	EndGlobalSection
	GlobalSection(ProjectConfigurationPlatforms) = postSolution
		{8F616182-818A-4CC3-9E2D-4A76C7FEA0EA}.Debug|Any CPU.ActiveCfg = Debug|Any CPU
		{8F616182-818A-4CC3-9E2D-4A76C7FEA0EA}.Debug|Any CPU.Build.0 = Debug|Any CPU
		{8F616182-818A-4CC3-9E2D-4A76C7FEA0EA}.Release|Any CPU.ActiveCfg = Release|Any CPU
		{8F616182-818A-4CC3-9E2D-4A76C7FEA0EA}.Release|Any CPU.Build.0 = Release|Any CPU
	EndGlobalSection
	GlobalSection(SolutionProperties) = preSolution
		HideSolutionNode = FALSE
	EndGlobalSection
	GlobalSection(ExtensibilityGlobals) = postSolution
		SolutionGuid = {8FEFB53D-D7E1-40B2-9677-829A157342D0}
	EndGlobalSection
EndGlobal
